
Microsoft Visual Studio Solution File, Format Version 12.00
# Visual Studio 15
Project("{FAE04EC0-301F-11D3-BF4B-00C04F79EFBC}") = "Listen and CatchUp", "Assembly-CSharp.csproj", "{5A762B85-0CCB-933C-6211-A70E7048163C}"
EndProject
Project("{FAE04EC0-301F-11D3-BF4B-00C04F79EFBC}") = "Listen and CatchUp", "Assembly-CSharp-Editor.csproj", "{60C4A76E-D176-CF49-29A2-1D10EBE1FC91}"
EndProject
Global
	GlobalSection(SolutionConfigurationPlatforms) = preSolution
		Debug|Any CPU = Debug|Any CPU
		Release|Any CPU = Release|Any CPU
	EndGlobalSection
	GlobalSection(ProjectConfigurationPlatforms) = postSolution
		{5A762B85-0CCB-933C-6211-A70E7048163C}.Debug|Any CPU.ActiveCfg = Debug|Any CPU
		{5A762B85-0CCB-933C-6211-A70E7048163C}.Debug|Any CPU.Build.0 = Debug|Any CPU
		{5A762B85-0CCB-933C-6211-A70E7048163C}.Release|Any CPU.ActiveCfg = Release|Any CPU
		{5A762B85-0CCB-933C-6211-A70E7048163C}.Release|Any CPU.Build.0 = Release|Any CPU
		{60C4A76E-D176-CF49-29A2-1D10EBE1FC91}.Debug|Any CPU.ActiveCfg = Debug|Any CPU
		{60C4A76E-D176-CF49-29A2-1D10EBE1FC91}.Debug|Any CPU.Build.0 = Debug|Any CPU
		{60C4A76E-D176-CF49-29A2-1D10EBE1FC91}.Release|Any CPU.ActiveCfg = Release|Any CPU
		{60C4A76E-D176-CF49-29A2-1D10EBE1FC91}.Release|Any CPU.Build.0 = Release|Any CPU
	EndGlobalSection
	GlobalSection(SolutionProperties) = preSolution
		HideSolutionNode = FALSE
	EndGlobalSection
EndGlobal
